
Microsoft Visual Studio Solution File, Format Version 12.00
# Visual Studio 15
VisualStudioVersion = 15.0.28307.106
MinimumVisualStudioVersion = 10.0.40219.1
Project("{FAE04EC0-301F-11D3-BF4B-00C04F79EFBC}") = "ASP.NET MVC Database First CRUD", "ASP.NET MVC Database First CRUD\ASP.NET MVC Database First CRUD.csproj", "{6F9CD78C-1300-44EA-91E6-7A6FD19649D5}"
EndProject
Global
	GlobalSection(SolutionConfigurationPlatforms) = preSolution
		Debug|Any CPU = Debug|Any CPU
		Release|Any CPU = Release|Any CPU
	EndGlobalSection
	GlobalSection(ProjectConfigurationPlatforms) = postSolution
		{6F9CD78C-1300-44EA-91E6-7A6FD19649D5}.Debug|Any CPU.ActiveCfg = Debug|Any CPU
		{6F9CD78C-1300-44EA-91E6-7A6FD19649D5}.Debug|Any CPU.Build.0 = Debug|Any CPU
		{6F9CD78C-1300-44EA-91E6-7A6FD19649D5}.Release|Any CPU.ActiveCfg = Release|Any CPU
		{6F9CD78C-1300-44EA-91E6-7A6FD19649D5}.Release|Any CPU.Build.0 = Release|Any CPU
	EndGlobalSection
	GlobalSection(SolutionProperties) = preSolution
		HideSolutionNode = FALSE
	EndGlobalSection
	GlobalSection(ExtensibilityGlobals) = postSolution
		SolutionGuid = {CC1DF0C7-A1C9-439E-9B12-151A2E58331B}
	EndGlobalSection
EndGlobal
